
Microsoft Visual Studio Solution File, Format Version 12.00
# Visual Studio Version 16
VisualStudioVersion = 16.0.29411.108
MinimumVisualStudioVersion = 10.0.40219.1
Project("{FAE04EC0-301F-11D3-BF4B-00C04F79EFBC}") = "abone_takip2", "abone_takip2\abone_takip2.csproj", "{6146EC9B-87A9-4388-AB53-AC0B8985FBBE}"
EndProject
Global
	GlobalSection(SolutionConfigurationPlatforms) = preSolution
		Debug|Any CPU = Debug|Any CPU
		Release|Any CPU = Release|Any CPU
	EndGlobalSection
	GlobalSection(ProjectConfigurationPlatforms) = postSolution
		{6146EC9B-87A9-4388-AB53-AC0B8985FBBE}.Debug|Any CPU.ActiveCfg = Debug|Any CPU
		{6146EC9B-87A9-4388-AB53-AC0B8985FBBE}.Debug|Any CPU.Build.0 = Debug|Any CPU
		{6146EC9B-87A9-4388-AB53-AC0B8985FBBE}.Release|Any CPU.ActiveCfg = Release|Any CPU
		{6146EC9B-87A9-4388-AB53-AC0B8985FBBE}.Release|Any CPU.Build.0 = Release|Any CPU
	EndGlobalSection
	GlobalSection(SolutionProperties) = preSolution
		HideSolutionNode = FALSE
	EndGlobalSection
	GlobalSection(ExtensibilityGlobals) = postSolution
		SolutionGuid = {973BD14B-E715-4F56-B04B-58B769A4BC59}
	EndGlobalSection
EndGlobal
